
Microsoft Visual Studio Solution File, Format Version 12.00
# Visual Studio 14
VisualStudioVersion = 14.0.23107.0
MinimumVisualStudioVersion = 10.0.40219.1
Project("{FAE04EC0-301F-11D3-BF4B-00C04F79EFBC}") = "WebService1C", "WebService1C\WebService1C.csproj", "{6B7D02FB-89ED-4896-BF0F-F2F2E82776B0}"
EndProject
Project("{FAE04EC0-301F-11D3-BF4B-00C04F79EFBC}") = "DesktopApp", "DesktopApp\DesktopApp.csproj", "{71843614-3230-467D-A08F-7EC6CEA05894}"
EndProject
Project("{FAE04EC0-301F-11D3-BF4B-00C04F79EFBC}") = "Core", "Core\Core.csproj", "{876F668F-5017-4CEE-8AE4-91E9B0E9E6B6}"
EndProject
Project("{FAE04EC0-301F-11D3-BF4B-00C04F79EFBC}") = "MongoWork", "MongoWork\MongoWork.csproj", "{371A01EB-92FF-4FEF-871D-DA6E19A8FDD8}"
EndProject
Project("{FAE04EC0-301F-11D3-BF4B-00C04F79EFBC}") = "1CToMongoTransfer", "1CToMongoTransfer\1CToMongoTransfer.csproj", "{189C0673-3783-4A64-9B87-74B262D831F3}"
EndProject
Project("{2150E333-8FDC-42A3-9474-1A3956D46DE8}") = "Tests", "Tests", "{0A42868B-2FF1-4B12-B426-D2494A601B80}"
EndProject
Project("{FAE04EC0-301F-11D3-BF4B-00C04F79EFBC}") = "MongoWorkTests", "MongoWorkTests\MongoWorkTests.csproj", "{37422C27-882D-47B9-89B4-B7ABB4B504F2}"
EndProject
Project("{FAE04EC0-301F-11D3-BF4B-00C04F79EFBC}") = "DesktopAppTests", "DesktopAppTests\DesktopAppTests.csproj", "{0CB94D57-DA1E-49BD-B31D-32BC0D0B0F51}"
EndProject
Project("{FAE04EC0-301F-11D3-BF4B-00C04F79EFBC}") = "UPPY.Desktop", "UPPY.Desktop\UPPY.Desktop.csproj", "{5DD3D891-6B7C-49B1-B432-EEFC67041074}"
EndProject
Project("{FAE04EC0-301F-11D3-BF4B-00C04F79EFBC}") = "UPPY.DIE", "UPPY.DIE\UPPY.DIE.csproj", "{04B0D4BE-D7A1-4F6A-8A97-BBE47746BB44}"
EndProject
Project("{FAE04EC0-301F-11D3-BF4B-00C04F79EFBC}") = "MakarovDev.ExpandCollapsePanel", "MakarovDev.ExpandCollapsePanel\MakarovDev.ExpandCollapsePanel.csproj", "{BE76A6FE-225F-4287-9CA0-231F5AF4CDC1}"
EndProject
Project("{FAE04EC0-301F-11D3-BF4B-00C04F79EFBC}") = "Core.Tests", "Core.Tests\Core.Tests.csproj", "{A921CF8C-5608-497D-8375-0E789630A5EA}"
EndProject
Project("{2150E333-8FDC-42A3-9474-1A3956D46DE8}") = "2Delete", "2Delete", "{0C0B59E8-87A2-4D30-8820-C6F9FE7BE6DE}"
EndProject
Project("{2150E333-8FDC-42A3-9474-1A3956D46DE8}") = "Additional", "Additional", "{9F4F04C8-5470-4062-AF95-0437FA053CC9}"
EndProject
Project("{FAE04EC0-301F-11D3-BF4B-00C04F79EFBC}") = "FileServer.Services", "FileServer.Services\FileServer.Services.csproj", "{0357B25D-7F29-4CBD-930B-5571D15B9969}"
EndProject
Project("{FAE04EC0-301F-11D3-BF4B-00C04F79EFBC}") = "UPPY.Files", "UPPY.Files\UPPY.Files.csproj", "{34211894-FE42-41CC-9ACA-1501E1BED3B2}"
EndProject
Project("{FAE04EC0-301F-11D3-BF4B-00C04F79EFBC}") = "UPPY.FilesTests", "UPPY.FilesTests\UPPY.FilesTests.csproj", "{13540D22-3F08-454C-A865-B80262FCBAAD}"
EndProject
Project("{FAE04EC0-301F-11D3-BF4B-00C04F79EFBC}") = "UPPY.DesktopTests", "UPPY.DesktopTests\UPPY.DesktopTests.csproj", "{AEA240DC-3D04-40F6-AE74-BD8BB1AD3CD3}"
EndProject
Project("{FAE04EC0-301F-11D3-BF4B-00C04F79EFBC}") = "UPPY.DIETests1", "UPPY.DIETests1\UPPY.DIETests1.csproj", "{3B3AF5CD-9F23-4C6B-B0B1-6FAEE6B46E00}"
EndProject
Project("{FAE04EC0-301F-11D3-BF4B-00C04F79EFBC}") = "Utils.Common", "Utils.Common\Utils.Common.csproj", "{49232DD5-96D7-45CD-A063-09FA9C148849}"
EndProject
Global
	GlobalSection(SolutionConfigurationPlatforms) = preSolution
		Debug|Any CPU = Debug|Any CPU
		Release|Any CPU = Release|Any CPU
	EndGlobalSection
	GlobalSection(ProjectConfigurationPlatforms) = postSolution
		{6B7D02FB-89ED-4896-BF0F-F2F2E82776B0}.Debug|Any CPU.ActiveCfg = Debug|Any CPU
		{6B7D02FB-89ED-4896-BF0F-F2F2E82776B0}.Debug|Any CPU.Build.0 = Debug|Any CPU
		{6B7D02FB-89ED-4896-BF0F-F2F2E82776B0}.Release|Any CPU.ActiveCfg = Release|Any CPU
		{6B7D02FB-89ED-4896-BF0F-F2F2E82776B0}.Release|Any CPU.Build.0 = Release|Any CPU
		{71843614-3230-467D-A08F-7EC6CEA05894}.Debug|Any CPU.ActiveCfg = Debug|Any CPU
		{71843614-3230-467D-A08F-7EC6CEA05894}.Debug|Any CPU.Build.0 = Debug|Any CPU
		{71843614-3230-467D-A08F-7EC6CEA05894}.Release|Any CPU.ActiveCfg = Release|Any CPU
		{71843614-3230-467D-A08F-7EC6CEA05894}.Release|Any CPU.Build.0 = Release|Any CPU
		{876F668F-5017-4CEE-8AE4-91E9B0E9E6B6}.Debug|Any CPU.ActiveCfg = Debug|Any CPU
		{876F668F-5017-4CEE-8AE4-91E9B0E9E6B6}.Debug|Any CPU.Build.0 = Debug|Any CPU
		{876F668F-5017-4CEE-8AE4-91E9B0E9E6B6}.Release|Any CPU.ActiveCfg = Release|Any CPU
		{876F668F-5017-4CEE-8AE4-91E9B0E9E6B6}.Release|Any CPU.Build.0 = Release|Any CPU
		{371A01EB-92FF-4FEF-871D-DA6E19A8FDD8}.Debug|Any CPU.ActiveCfg = Debug|Any CPU
		{371A01EB-92FF-4FEF-871D-DA6E19A8FDD8}.Debug|Any CPU.Build.0 = Debug|Any CPU
		{371A01EB-92FF-4FEF-871D-DA6E19A8FDD8}.Release|Any CPU.ActiveCfg = Release|Any CPU
		{371A01EB-92FF-4FEF-871D-DA6E19A8FDD8}.Release|Any CPU.Build.0 = Release|Any CPU
		{189C0673-3783-4A64-9B87-74B262D831F3}.Debug|Any CPU.ActiveCfg = Debug|Any CPU
		{189C0673-3783-4A64-9B87-74B262D831F3}.Debug|Any CPU.Build.0 = Debug|Any CPU
		{189C0673-3783-4A64-9B87-74B262D831F3}.Release|Any CPU.ActiveCfg = Release|Any CPU
		{189C0673-3783-4A64-9B87-74B262D831F3}.Release|Any CPU.Build.0 = Release|Any CPU
		{37422C27-882D-47B9-89B4-B7ABB4B504F2}.Debug|Any CPU.ActiveCfg = Debug|Any CPU
		{37422C27-882D-47B9-89B4-B7ABB4B504F2}.Debug|Any CPU.Build.0 = Debug|Any CPU
		{37422C27-882D-47B9-89B4-B7ABB4B504F2}.Release|Any CPU.ActiveCfg = Release|Any CPU
		{37422C27-882D-47B9-89B4-B7ABB4B504F2}.Release|Any CPU.Build.0 = Release|Any CPU
		{0CB94D57-DA1E-49BD-B31D-32BC0D0B0F51}.Debug|Any CPU.ActiveCfg = Debug|Any CPU
		{0CB94D57-DA1E-49BD-B31D-32BC0D0B0F51}.Debug|Any CPU.Build.0 = Debug|Any CPU
		{0CB94D57-DA1E-49BD-B31D-32BC0D0B0F51}.Release|Any CPU.ActiveCfg = Release|Any CPU
		{0CB94D57-DA1E-49BD-B31D-32BC0D0B0F51}.Release|Any CPU.Build.0 = Release|Any CPU
		{5DD3D891-6B7C-49B1-B432-EEFC67041074}.Debug|Any CPU.ActiveCfg = Debug|Any CPU
		{5DD3D891-6B7C-49B1-B432-EEFC67041074}.Debug|Any CPU.Build.0 = Debug|Any CPU
		{5DD3D891-6B7C-49B1-B432-EEFC67041074}.Release|Any CPU.ActiveCfg = Release|Any CPU
		{5DD3D891-6B7C-49B1-B432-EEFC67041074}.Release|Any CPU.Build.0 = Release|Any CPU
		{04B0D4BE-D7A1-4F6A-8A97-BBE47746BB44}.Debug|Any CPU.ActiveCfg = Debug|Any CPU
		{04B0D4BE-D7A1-4F6A-8A97-BBE47746BB44}.Debug|Any CPU.Build.0 = Debug|Any CPU
		{04B0D4BE-D7A1-4F6A-8A97-BBE47746BB44}.Release|Any CPU.ActiveCfg = Release|Any CPU
		{04B0D4BE-D7A1-4F6A-8A97-BBE47746BB44}.Release|Any CPU.Build.0 = Release|Any CPU
		{BE76A6FE-225F-4287-9CA0-231F5AF4CDC1}.Debug|Any CPU.ActiveCfg = Debug|Any CPU
		{BE76A6FE-225F-4287-9CA0-231F5AF4CDC1}.Debug|Any CPU.Build.0 = Debug|Any CPU
		{BE76A6FE-225F-4287-9CA0-231F5AF4CDC1}.Release|Any CPU.ActiveCfg = Release|Any CPU
		{BE76A6FE-225F-4287-9CA0-231F5AF4CDC1}.Release|Any CPU.Build.0 = Release|Any CPU
		{A921CF8C-5608-497D-8375-0E789630A5EA}.Debug|Any CPU.ActiveCfg = Debug|Any CPU
		{A921CF8C-5608-497D-8375-0E789630A5EA}.Debug|Any CPU.Build.0 = Debug|Any CPU
		{A921CF8C-5608-497D-8375-0E789630A5EA}.Release|Any CPU.ActiveCfg = Release|Any CPU
		{A921CF8C-5608-497D-8375-0E789630A5EA}.Release|Any CPU.Build.0 = Release|Any CPU
		{0357B25D-7F29-4CBD-930B-5571D15B9969}.Debug|Any CPU.ActiveCfg = Debug|Any CPU
		{0357B25D-7F29-4CBD-930B-5571D15B9969}.Debug|Any CPU.Build.0 = Debug|Any CPU
		{0357B25D-7F29-4CBD-930B-5571D15B9969}.Release|Any CPU.ActiveCfg = Release|Any CPU
		{0357B25D-7F29-4CBD-930B-5571D15B9969}.Release|Any CPU.Build.0 = Release|Any CPU
		{34211894-FE42-41CC-9ACA-1501E1BED3B2}.Debug|Any CPU.ActiveCfg = Debug|Any CPU
		{34211894-FE42-41CC-9ACA-1501E1BED3B2}.Debug|Any CPU.Build.0 = Debug|Any CPU
		{34211894-FE42-41CC-9ACA-1501E1BED3B2}.Release|Any CPU.ActiveCfg = Release|Any CPU
		{34211894-FE42-41CC-9ACA-1501E1BED3B2}.Release|Any CPU.Build.0 = Release|Any CPU
		{13540D22-3F08-454C-A865-B80262FCBAAD}.Debug|Any CPU.ActiveCfg = Debug|Any CPU
		{13540D22-3F08-454C-A865-B80262FCBAAD}.Debug|Any CPU.Build.0 = Debug|Any CPU
		{13540D22-3F08-454C-A865-B80262FCBAAD}.Release|Any CPU.ActiveCfg = Release|Any CPU
		{13540D22-3F08-454C-A865-B80262FCBAAD}.Release|Any CPU.Build.0 = Release|Any CPU
		{AEA240DC-3D04-40F6-AE74-BD8BB1AD3CD3}.Debug|Any CPU.ActiveCfg = Debug|Any CPU
		{AEA240DC-3D04-40F6-AE74-BD8BB1AD3CD3}.Debug|Any CPU.Build.0 = Debug|Any CPU
		{AEA240DC-3D04-40F6-AE74-BD8BB1AD3CD3}.Release|Any CPU.ActiveCfg = Release|Any CPU
		{AEA240DC-3D04-40F6-AE74-BD8BB1AD3CD3}.Release|Any CPU.Build.0 = Release|Any CPU
		{3B3AF5CD-9F23-4C6B-B0B1-6FAEE6B46E00}.Debug|Any CPU.ActiveCfg = Debug|Any CPU
		{3B3AF5CD-9F23-4C6B-B0B1-6FAEE6B46E00}.Debug|Any CPU.Build.0 = Debug|Any CPU
		{3B3AF5CD-9F23-4C6B-B0B1-6FAEE6B46E00}.Release|Any CPU.ActiveCfg = Release|Any CPU
		{3B3AF5CD-9F23-4C6B-B0B1-6FAEE6B46E00}.Release|Any CPU.Build.0 = Release|Any CPU
		{49232DD5-96D7-45CD-A063-09FA9C148849}.Debug|Any CPU.ActiveCfg = Debug|Any CPU
		{49232DD5-96D7-45CD-A063-09FA9C148849}.Debug|Any CPU.Build.0 = Debug|Any CPU
		{49232DD5-96D7-45CD-A063-09FA9C148849}.Release|Any CPU.ActiveCfg = Release|Any CPU
		{49232DD5-96D7-45CD-A063-09FA9C148849}.Release|Any CPU.Build.0 = Release|Any CPU
	EndGlobalSection
	GlobalSection(SolutionProperties) = preSolution
		HideSolutionNode = FALSE
	EndGlobalSection
	GlobalSection(NestedProjects) = preSolution
		{6B7D02FB-89ED-4896-BF0F-F2F2E82776B0} = {0C0B59E8-87A2-4D30-8820-C6F9FE7BE6DE}
		{71843614-3230-467D-A08F-7EC6CEA05894} = {0C0B59E8-87A2-4D30-8820-C6F9FE7BE6DE}
		{189C0673-3783-4A64-9B87-74B262D831F3} = {0C0B59E8-87A2-4D30-8820-C6F9FE7BE6DE}
		{37422C27-882D-47B9-89B4-B7ABB4B504F2} = {0A42868B-2FF1-4B12-B426-D2494A601B80}
		{0CB94D57-DA1E-49BD-B31D-32BC0D0B0F51} = {0A42868B-2FF1-4B12-B426-D2494A601B80}
		{BE76A6FE-225F-4287-9CA0-231F5AF4CDC1} = {9F4F04C8-5470-4062-AF95-0437FA053CC9}
		{A921CF8C-5608-497D-8375-0E789630A5EA} = {0A42868B-2FF1-4B12-B426-D2494A601B80}
		{0357B25D-7F29-4CBD-930B-5571D15B9969} = {9F4F04C8-5470-4062-AF95-0437FA053CC9}
		{13540D22-3F08-454C-A865-B80262FCBAAD} = {0A42868B-2FF1-4B12-B426-D2494A601B80}
		{AEA240DC-3D04-40F6-AE74-BD8BB1AD3CD3} = {0A42868B-2FF1-4B12-B426-D2494A601B80}
		{3B3AF5CD-9F23-4C6B-B0B1-6FAEE6B46E00} = {0A42868B-2FF1-4B12-B426-D2494A601B80}
	EndGlobalSection
EndGlobal
