
Microsoft Visual Studio Solution File, Format Version 12.00
# Visual Studio 14
VisualStudioVersion = 14.0.23107.0
MinimumVisualStudioVersion = 10.0.40219.1
Project("{FAE04EC0-301F-11D3-BF4B-00C04F79EFBC}") = "WebService1C", "WebService1C\WebService1C.csproj", "{6B7D02FB-89ED-4896-BF0F-F2F2E82776B0}"
EndProject
Project("{FAE04EC0-301F-11D3-BF4B-00C04F79EFBC}") = "DesktopApp", "DesktopApp\DesktopApp.csproj", "{71843614-3230-467D-A08F-7EC6CEA05894}"
EndProject
Project("{FAE04EC0-301F-11D3-BF4B-00C04F79EFBC}") = "Core", "Core\Core.csproj", "{876F668F-5017-4CEE-8AE4-91E9B0E9E6B6}"
EndProject
Project("{FAE04EC0-301F-11D3-BF4B-00C04F79EFBC}") = "MongoWork", "MongoWork\MongoWork.csproj", "{371A01EB-92FF-4FEF-871D-DA6E19A8FDD8}"
EndProject
Project("{FAE04EC0-301F-11D3-BF4B-00C04F79EFBC}") = "1CToMongoTransfer", "1CToMongoTransfer\1CToMongoTransfer.csproj", "{189C0673-3783-4A64-9B87-74B262D831F3}"
EndProject
Project("{2150E333-8FDC-42A3-9474-1A3956D46DE8}") = "Tests", "Tests", "{0A42868B-2FF1-4B12-B426-D2494A601B80}"
EndProject
Project("{FAE04EC0-301F-11D3-BF4B-00C04F79EFBC}") = "MongoWorkTests", "MongoWorkTests\MongoWorkTests.csproj", "{37422C27-882D-47B9-89B4-B7ABB4B504F2}"
EndProject
Project("{FAE04EC0-301F-11D3-BF4B-00C04F79EFBC}") = "DesktopAppTests", "DesktopAppTests\DesktopAppTests.csproj", "{0CB94D57-DA1E-49BD-B31D-32BC0D0B0F51}"
EndProject
Project("{FAE04EC0-301F-11D3-BF4B-00C04F79EFBC}") = "UPPY.Desktop", "UPPY.Desktop\UPPY.Desktop.csproj", "{5DD3D891-6B7C-49B1-B432-EEFC67041074}"
EndProject
Project("{2150E333-8FDC-42A3-9474-1A3956D46DE8}") = "OneC", "OneC", "{FF18CEFA-B7FD-4689-85C5-42E582E04441}"
EndProject
Project("{FAE04EC0-301F-11D3-BF4B-00C04F79EFBC}") = "MakarovDev.ExpandCollapsePanel", "MakarovDev.ExpandCollapsePanel\MakarovDev.ExpandCollapsePanel.csproj", "{BE76A6FE-225F-4287-9CA0-231F5AF4CDC1}"
EndProject
Global
	GlobalSection(SolutionConfigurationPlatforms) = preSolution
		Debug|Any CPU = Debug|Any CPU
		Release|Any CPU = Release|Any CPU
	EndGlobalSection
	GlobalSection(ProjectConfigurationPlatforms) = postSolution
		{6B7D02FB-89ED-4896-BF0F-F2F2E82776B0}.Debug|Any CPU.ActiveCfg = Debug|Any CPU
		{6B7D02FB-89ED-4896-BF0F-F2F2E82776B0}.Debug|Any CPU.Build.0 = Debug|Any CPU
		{6B7D02FB-89ED-4896-BF0F-F2F2E82776B0}.Release|Any CPU.ActiveCfg = Release|Any CPU
		{6B7D02FB-89ED-4896-BF0F-F2F2E82776B0}.Release|Any CPU.Build.0 = Release|Any CPU
		{71843614-3230-467D-A08F-7EC6CEA05894}.Debug|Any CPU.ActiveCfg = Debug|Any CPU
		{71843614-3230-467D-A08F-7EC6CEA05894}.Debug|Any CPU.Build.0 = Debug|Any CPU
		{71843614-3230-467D-A08F-7EC6CEA05894}.Release|Any CPU.ActiveCfg = Release|Any CPU
		{71843614-3230-467D-A08F-7EC6CEA05894}.Release|Any CPU.Build.0 = Release|Any CPU
		{876F668F-5017-4CEE-8AE4-91E9B0E9E6B6}.Debug|Any CPU.ActiveCfg = Debug|Any CPU
		{876F668F-5017-4CEE-8AE4-91E9B0E9E6B6}.Debug|Any CPU.Build.0 = Debug|Any CPU
		{876F668F-5017-4CEE-8AE4-91E9B0E9E6B6}.Release|Any CPU.ActiveCfg = Release|Any CPU
		{876F668F-5017-4CEE-8AE4-91E9B0E9E6B6}.Release|Any CPU.Build.0 = Release|Any CPU
		{371A01EB-92FF-4FEF-871D-DA6E19A8FDD8}.Debug|Any CPU.ActiveCfg = Debug|Any CPU
		{371A01EB-92FF-4FEF-871D-DA6E19A8FDD8}.Debug|Any CPU.Build.0 = Debug|Any CPU
		{371A01EB-92FF-4FEF-871D-DA6E19A8FDD8}.Release|Any CPU.ActiveCfg = Release|Any CPU
		{371A01EB-92FF-4FEF-871D-DA6E19A8FDD8}.Release|Any CPU.Build.0 = Release|Any CPU
		{189C0673-3783-4A64-9B87-74B262D831F3}.Debug|Any CPU.ActiveCfg = Debug|Any CPU
		{189C0673-3783-4A64-9B87-74B262D831F3}.Debug|Any CPU.Build.0 = Debug|Any CPU
		{189C0673-3783-4A64-9B87-74B262D831F3}.Release|Any CPU.ActiveCfg = Release|Any CPU
		{189C0673-3783-4A64-9B87-74B262D831F3}.Release|Any CPU.Build.0 = Release|Any CPU
		{37422C27-882D-47B9-89B4-B7ABB4B504F2}.Debug|Any CPU.ActiveCfg = Debug|Any CPU
		{37422C27-882D-47B9-89B4-B7ABB4B504F2}.Debug|Any CPU.Build.0 = Debug|Any CPU
		{37422C27-882D-47B9-89B4-B7ABB4B504F2}.Release|Any CPU.ActiveCfg = Release|Any CPU
		{37422C27-882D-47B9-89B4-B7ABB4B504F2}.Release|Any CPU.Build.0 = Release|Any CPU
		{0CB94D57-DA1E-49BD-B31D-32BC0D0B0F51}.Debug|Any CPU.ActiveCfg = Debug|Any CPU
		{0CB94D57-DA1E-49BD-B31D-32BC0D0B0F51}.Debug|Any CPU.Build.0 = Debug|Any CPU
		{0CB94D57-DA1E-49BD-B31D-32BC0D0B0F51}.Release|Any CPU.ActiveCfg = Release|Any CPU
		{0CB94D57-DA1E-49BD-B31D-32BC0D0B0F51}.Release|Any CPU.Build.0 = Release|Any CPU
		{5DD3D891-6B7C-49B1-B432-EEFC67041074}.Debug|Any CPU.ActiveCfg = Debug|Any CPU
		{5DD3D891-6B7C-49B1-B432-EEFC67041074}.Debug|Any CPU.Build.0 = Debug|Any CPU
		{5DD3D891-6B7C-49B1-B432-EEFC67041074}.Release|Any CPU.ActiveCfg = Release|Any CPU
		{5DD3D891-6B7C-49B1-B432-EEFC67041074}.Release|Any CPU.Build.0 = Release|Any CPU
		{BE76A6FE-225F-4287-9CA0-231F5AF4CDC1}.Debug|Any CPU.ActiveCfg = Debug|Any CPU
		{BE76A6FE-225F-4287-9CA0-231F5AF4CDC1}.Debug|Any CPU.Build.0 = Debug|Any CPU
		{BE76A6FE-225F-4287-9CA0-231F5AF4CDC1}.Release|Any CPU.ActiveCfg = Release|Any CPU
		{BE76A6FE-225F-4287-9CA0-231F5AF4CDC1}.Release|Any CPU.Build.0 = Release|Any CPU
	EndGlobalSection
	GlobalSection(SolutionProperties) = preSolution
		HideSolutionNode = FALSE
	EndGlobalSection
	GlobalSection(NestedProjects) = preSolution
		{6B7D02FB-89ED-4896-BF0F-F2F2E82776B0} = {FF18CEFA-B7FD-4689-85C5-42E582E04441}
		{189C0673-3783-4A64-9B87-74B262D831F3} = {FF18CEFA-B7FD-4689-85C5-42E582E04441}
		{37422C27-882D-47B9-89B4-B7ABB4B504F2} = {0A42868B-2FF1-4B12-B426-D2494A601B80}
		{0CB94D57-DA1E-49BD-B31D-32BC0D0B0F51} = {0A42868B-2FF1-4B12-B426-D2494A601B80}
	EndGlobalSection
EndGlobal
